
Microsoft Visual Studio Solution File, Format Version 12.00
# Visual Studio 2012
Project("{FAE04EC0-301F-11D3-BF4B-00C04F79EFBC}") = "auditorne", "auditorne\auditorne.csproj", "{FF105CFE-92FB-416D-8F79-6D2765367275}"
EndProject
Global
	GlobalSection(SolutionConfigurationPlatforms) = preSolution
		Debug|Any CPU = Debug|Any CPU
		Release|Any CPU = Release|Any CPU
	EndGlobalSection
	GlobalSection(ProjectConfigurationPlatforms) = postSolution
		{FF105CFE-92FB-416D-8F79-6D2765367275}.Debug|Any CPU.ActiveCfg = Debug|Any CPU
		{FF105CFE-92FB-416D-8F79-6D2765367275}.Debug|Any CPU.Build.0 = Debug|Any CPU
		{FF105CFE-92FB-416D-8F79-6D2765367275}.Release|Any CPU.ActiveCfg = Release|Any CPU
		{FF105CFE-92FB-416D-8F79-6D2765367275}.Release|Any CPU.Build.0 = Release|Any CPU
	EndGlobalSection
	GlobalSection(SolutionProperties) = preSolution
		HideSolutionNode = FALSE
	EndGlobalSection
EndGlobal
